Microsoft Visual Studio Solution File, Format Version 12.00
# Visual Studio Version 17
VisualStudioVersion = 17.0.31314.256
MinimumVisualStudioVersion = 10.0.40219.1
Project("{FAE04EC0-301F-11D3-BF4B-00C04F79EFBC}") = "AutomationTool", "..\..\UE_5.8\Engine\Source\Programs\AutomationTool\AutomationTool.csproj", "{D488FB77-C62B-3DA9-8DEB-0F78CFF540A9}"
EndProject
Project("{FAE04EC0-301F-11D3-BF4B-00C04F79EFBC}") = "VisionOS.Automation", "..\..\UE_5.8\Engine\Platforms\VisionOS\Source\Programs\AutomationTool\VisionOS.Automation.csproj", "{C80905BC-82E1-3ADA-9A04-D713DA5F8ED0}"
EndProject
Project("{FAE04EC0-301F-11D3-BF4B-00C04F79EFBC}") = "Android.Automation", "..\..\UE_5.8\Engine\Source\Programs\AutomationTool\Android\Android.Automation.csproj", "{73DBFD3F-38D1-3CDC-AE5B-B52725E2F842}"
EndProject
Project("{FAE04EC0-301F-11D3-BF4B-00C04F79EFBC}") = "Apple.Automation", "..\..\UE_5.8\Engine\Source\Programs\AutomationTool\Apple\Apple.Automation.csproj", "{07F7EFE0-B8EA-329B-BF0F-1574BFCB4F2A}"
EndProject
Project("{FAE04EC0-301F-11D3-BF4B-00C04F79EFBC}") = "AutomationUtils.Automation", "..\..\UE_5.8\Engine\Source\Programs\AutomationTool\AutomationUtils\AutomationUtils.Automation.csproj", "{1BC06582-A0E0-3E98-B142-DF0C54EC9197}"
EndProject
Project("{FAE04EC0-301F-11D3-BF4B-00C04F79EFBC}") = "BuildGraph.Automation", "..\..\UE_5.8\Engine\Source\Programs\AutomationTool\BuildGraph\BuildGraph.Automation.csproj", "{5DAB1247-5389-381E-841E-33FD81A40C83}"
EndProject
Project("{FAE04EC0-301F-11D3-BF4B-00C04F79EFBC}") = "CookedEditor.Automation", "..\..\UE_5.8\Engine\Source\Programs\AutomationTool\CookedEditor\CookedEditor.Automation.csproj", "{A10FE576-1E4A-3EE7-BFA8-252B2CA7B44F}"
EndProject
Project("{FAE04EC0-301F-11D3-BF4B-00C04F79EFBC}") = "CrowdinLocalization.Automation", "..\..\UE_5.8\Engine\Source\Programs\AutomationTool\CrowdinLocalization\CrowdinLocalization.Automation.csproj", "{15BCD3F5-B6E1-33EF-9D92-04EA104060B6}"
EndProject
Project("{FAE04EC0-301F-11D3-BF4B-00C04F79EFBC}") = "Gauntlet.Automation", "..\..\UE_5.8\Engine\Source\Programs\AutomationTool\Gauntlet\Gauntlet.Automation.csproj", "{E0A6692C-88D7-34C6-93ED-3FAD666890A7}"
EndProject
Project("{FAE04EC0-301F-11D3-BF4B-00C04F79EFBC}") = "Insights.Automation", "..\..\UE_5.8\Engine\Source\Programs\AutomationTool\Insights\Insights.Automation.csproj", "{F24AECAE-49A8-37F3-BA9D-7E5ABBBABD59}"
EndProject
Project("{FAE04EC0-301F-11D3-BF4B-00C04F79EFBC}") = "IOS.Automation", "..\..\UE_5.8\Engine\Source\Programs\AutomationTool\IOS\IOS.Automation.csproj", "{2DB1C4EE-1FD3-3A5F-A6AB-291F9E86E742}"
EndProject
Project("{FAE04EC0-301F-11D3-BF4B-00C04F79EFBC}") = "Linux.Automation", "..\..\UE_5.8\Engine\Source\Programs\AutomationTool\Linux\Linux.Automation.csproj", "{59EE586B-DC0B-3DAB-90EE-92A2FEF1DF01}"
EndProject
Project("{FAE04EC0-301F-11D3-BF4B-00C04F79EFBC}") = "LiveLinkHub.Automation", "..\..\UE_5.8\Engine\Source\Programs\AutomationTool\LiveLinkHub\LiveLinkHub.Automation.csproj", "{54F19E27-18C6-3923-A5FF-11B5ACB125A4}"
EndProject
Project("{FAE04EC0-301F-11D3-BF4B-00C04F79EFBC}") = "Localization.Automation", "..\..\UE_5.8\Engine\Source\Programs\AutomationTool\Localization\Localization.Automation.csproj", "{D3C38A4B-15FB-3B8C-9C77-A24C35BCBCAF}"
EndProject
Project("{FAE04EC0-301F-11D3-BF4B-00C04F79EFBC}") = "LowLevelTests.Automation", "..\..\UE_5.8\Engine\Source\Programs\AutomationTool\LowLevelTests\LowLevelTests.Automation.csproj", "{0DA17713-C7C6-3D1F-929E-2CF2EE9D5153}"
EndProject
Project("{FAE04EC0-301F-11D3-BF4B-00C04F79EFBC}") = "Mac.Automation", "..\..\UE_5.8\Engine\Source\Programs\AutomationTool\Mac\Mac.Automation.csproj", "{B50DB34E-F107-366B-939F-A73D533AD029}"
EndProject
Project("{FAE04EC0-301F-11D3-BF4B-00C04F79EFBC}") = "Microsoft.Automation", "..\..\UE_5.8\Engine\Source\Programs\AutomationTool\Microsoft\Microsoft.Automation.csproj", "{43FF68C6-02E5-3B71-B43E-CE2BB6D38FF4}"
EndProject
Project("{FAE04EC0-301F-11D3-BF4B-00C04F79EFBC}") = "Mutable.Automation", "..\..\UE_5.8\Engine\Source\Programs\AutomationTool\Mutable\Mutable.Automation.csproj", "{F217B10D-30A5-3212-9B76-207344947774}"
EndProject
Project("{FAE04EC0-301F-11D3-BF4B-00C04F79EFBC}") = "OneSkyLocalization.Automation", "..\..\UE_5.8\Engine\Source\Programs\AutomationTool\OneSkyLocalization\OneSkyLocalization.Automation.csproj", "{F572C352-E8DF-37E2-A998-E9E2644E6FF8}"
EndProject
Project("{FAE04EC0-301F-11D3-BF4B-00C04F79EFBC}") = "AutomationScripts.Automation", "..\..\UE_5.8\Engine\Source\Programs\AutomationTool\Scripts\AutomationScripts.Automation.csproj", "{6929BD00-0E47-3608-B219-58D0554C78D9}"
EndProject
Project("{FAE04EC0-301F-11D3-BF4B-00C04F79EFBC}") = "SmartlingLocalization.Automation", "..\..\UE_5.8\Engine\Source\Programs\AutomationTool\SmartlingLocalization\SmartlingLocalization.Automation.csproj", "{BD25F5A2-FADB-3406-9B85-6E9351974E35}"
EndProject
Project("{FAE04EC0-301F-11D3-BF4B-00C04F79EFBC}") = "SteamDeck.Automation", "..\..\UE_5.8\Engine\Source\Programs\AutomationTool\SteamDeck\SteamDeck.Automation.csproj", "{A9BFB684-966B-35BE-88BE-6C00B9F72A4C}"
EndProject
Project("{FAE04EC0-301F-11D3-BF4B-00C04F79EFBC}") = "Turnkey.Automation", "..\..\UE_5.8\Engine\Source\Programs\AutomationTool\Turnkey\Turnkey.Automation.csproj", "{5C49B4D1-45C9-3C65-B7F8-80771D60B58B}"
EndProject
Project("{FAE04EC0-301F-11D3-BF4B-00C04F79EFBC}") = "TVOS.Automation", "..\..\UE_5.8\Engine\Source\Programs\AutomationTool\TVOS\TVOS.Automation.csproj", "{8B2274BB-D69C-363F-ACC3-D3EC94AD311D}"
EndProject
Project("{FAE04EC0-301F-11D3-BF4B-00C04F79EFBC}") = "Win.Automation", "..\..\UE_5.8\Engine\Source\Programs\AutomationTool\Win\Win.Automation.csproj", "{E84D51E4-FC82-3BC9-8649-59CDEF857761}"
EndProject
Project("{FAE04EC0-301F-11D3-BF4B-00C04F79EFBC}") = "XLocLocalization.Automation", "..\..\UE_5.8\Engine\Source\Programs\AutomationTool\XLocLocalization\XLocLocalization.Automation.csproj", "{E563617E-DC2A-3544-A88D-94B5E3CC7914}"
EndProject
Project("{2150E333-8FDC-42A3-9474-1A3956D46DE8}") = "Dependencies", "Dependencies", "{58A72724-8CB8-3260-8ADB-0161BCAC3D64}"
EndProject
Project("{FAE04EC0-301F-11D3-BF4B-00C04F79EFBC}") = "EpicGames.ProjectStore", "..\..\UE_5.8\Engine\Source\Programs\Shared\EpicGames.ProjectStore\EpicGames.ProjectStore.csproj", "{877BE39A-56BD-3593-B694-EDB27ED4A2DA}"
EndProject
Project("{FAE04EC0-301F-11D3-BF4B-00C04F79EFBC}") = "EpicGames.Build", "..\..\UE_5.8\Engine\Source\Programs\Shared\EpicGames.Build\EpicGames.Build.csproj", "{55A53FDE-F986-3491-BCB9-EE1FC58BAFA0}"
EndProject
Project("{FAE04EC0-301F-11D3-BF4B-00C04F79EFBC}") = "EpicGames.LogMatchers", "..\..\UE_5.8\Engine\Source\Programs\Shared\EpicGames.LogMatchers\EpicGames.LogMatchers.csproj", "{2C5CC585-9685-3C34-9916-CA712F0A20A7}"
EndProject
Project("{FAE04EC0-301F-11D3-BF4B-00C04F79EFBC}") = "EpicGames.Core", "..\..\UE_5.8\Engine\Source\Programs\Shared\EpicGames.Core\EpicGames.Core.csproj", "{84D34674-E4FA-3FB9-AF5D-5B2A1AFEC26E}"
EndProject
Project("{FAE04EC0-301F-11D3-BF4B-00C04F79EFBC}") = "EpicGames.BuildGraph", "..\..\UE_5.8\Engine\Source\Programs\Shared\EpicGames.BuildGraph\EpicGames.BuildGraph.csproj", "{0E0A5265-B751-3821-92C0-60D6F60E26B7}"
EndProject
Project("{FAE04EC0-301F-11D3-BF4B-00C04F79EFBC}") = "EpicGames.Perforce", "..\..\UE_5.8\Engine\Source\Programs\Shared\EpicGames.Perforce\EpicGames.Perforce.csproj", "{E26E6DF0-0CAE-3DF8-A63A-0E42E48AFCE0}"
EndProject
Project("{FAE04EC0-301F-11D3-BF4B-00C04F79EFBC}") = "EpicGames.Horde", "..\..\UE_5.8\Engine\Source\Programs\Shared\EpicGames.Horde\EpicGames.Horde.csproj", "{7B4EE8B5-821A-3691-AFEA-32CAA7BAC236}"
EndProject
Project("{FAE04EC0-301F-11D3-BF4B-00C04F79EFBC}") = "UnrealBuildTool", "..\..\UE_5.8\Engine\Source\Programs\UnrealBuildTool\UnrealBuildTool.csproj", "{32A183A8-F18D-35BF-BFB8-9AF1CEDF072B}"
EndProject
Project("{FAE04EC0-301F-11D3-BF4B-00C04F79EFBC}") = "EpicGames.OIDC", "..\..\UE_5.8\Engine\Source\Programs\Shared\EpicGames.OIDC\EpicGames.OIDC.csproj", "{46464BDB-5FD0-3290-9DDB-02FEC4032157}"
EndProject
Project("{FAE04EC0-301F-11D3-BF4B-00C04F79EFBC}") = "EpicGames.Perforce.Managed", "..\..\UE_5.8\Engine\Source\Programs\Shared\EpicGames.Perforce.Managed\EpicGames.Perforce.Managed.csproj", "{1E3FF53E-9262-3D95-8125-08CEAE4887F4}"
EndProject
Project("{FAE04EC0-301F-11D3-BF4B-00C04F79EFBC}") = "EpicGames.Analytics.Telemetry", "..\..\UE_5.8\Engine\Source\Programs\Shared\EpicGames.Analytics.Telemetry\EpicGames.Analytics.Telemetry.csproj", "{33F58C0A-7D56-3887-8FAB-C958B408F794}"
EndProject
Project("{FAE04EC0-301F-11D3-BF4B-00C04F79EFBC}") = "EpicGames.IoHash", "..\..\UE_5.8\Engine\Source\Programs\Shared\EpicGames.IoHash\EpicGames.IoHash.csproj", "{826E93F7-D4F4-3446-A095-71D4B639FD8C}"
EndProject
Project("{FAE04EC0-301F-11D3-BF4B-00C04F79EFBC}") = "EpicGames.MsBuild", "..\..\UE_5.8\Engine\Source\Programs\Shared\EpicGames.MsBuild\EpicGames.MsBuild.csproj", "{B3F1DE29-66FA-3F15-9D0D-0CB75AEF09CD}"
EndProject
Project("{FAE04EC0-301F-11D3-BF4B-00C04F79EFBC}") = "EpicGames.Serialization", "..\..\UE_5.8\Engine\Source\Programs\Shared\EpicGames.Serialization\EpicGames.Serialization.csproj", "{0BAE810C-B794-3B46-A5D0-640F4302F29B}"
EndProject
Project("{FAE04EC0-301F-11D3-BF4B-00C04F79EFBC}") = "EpicGames.UHT", "..\..\UE_5.8\Engine\Source\Programs\Shared\EpicGames.UHT\EpicGames.UHT.csproj", "{4574F3CB-7D0D-39A0-9CE5-1F10DEF5DCB6}"
EndProject
Project("{FAE04EC0-301F-11D3-BF4B-00C04F79EFBC}") = "EpicGames.Oodle", "..\..\UE_5.8\Engine\Source\Programs\Shared\EpicGames.Oodle\EpicGames.Oodle.csproj", "{2005C4B8-C1A6-3949-8CE4-CE22FB360B53}"
EndProject
Project("{FAE04EC0-301F-11D3-BF4B-00C04F79EFBC}") = "EpicGames.UBA", "..\..\UE_5.8\Engine\Source\Programs\Shared\EpicGames.UBA\EpicGames.UBA.csproj", "{86B1E8B3-46D0-3303-A130-0E371F16E2DB}"
EndProject
Project("{FAE04EC0-301F-11D3-BF4B-00C04F79EFBC}") = "EpicGames.Perforce.Fixture", "..\..\UE_5.8\Engine\Source\Programs\Shared\EpicGames.Perforce.Fixture\EpicGames.Perforce.Fixture.csproj", "{A37426C3-685B-389E-8648-8F5C1E05B9F3}"
EndProject
Project("{2150E333-8FDC-42A3-9474-1A3956D46DE8}") = "Tests", "Tests", "{63F96FAF-71A6-3DD6-AF0D-64B1504528FF}"
EndProject
Project("{FAE04EC0-301F-11D3-BF4B-00C04F79EFBC}") = "EpicGames.LogMatchers.Tests", "..\..\UE_5.8\Engine\Source\Programs\Shared\EpicGames.LogMatchers.Tests\EpicGames.LogMatchers.Tests.csproj", "{0FED24CC-4740-302D-A7E6-4A0150103BE3}"
EndProject
Project("{FAE04EC0-301F-11D3-BF4B-00C04F79EFBC}") = "EpicGames.BuildGraph.Tests", "..\..\UE_5.8\Engine\Source\Programs\Shared\EpicGames.BuildGraph.Tests\EpicGames.BuildGraph.Tests.csproj", "{639B8321-182B-3E3E-89E2-A2152CBFDAAA}"
EndProject
Project("{FAE04EC0-301F-11D3-BF4B-00C04F79EFBC}") = "EpicGames.Perforce.Tests", "..\..\UE_5.8\Engine\Source\Programs\Shared\EpicGames.Perforce.Tests\EpicGames.Perforce.Tests.csproj", "{241669DC-455F-3CBF-89A6-E0FF97E663D2}"
EndProject
Project("{FAE04EC0-301F-11D3-BF4B-00C04F79EFBC}") = "EpicGames.Build.Tests", "..\..\UE_5.8\Engine\Source\Programs\Shared\EpicGames.Build.Tests\EpicGames.Build.Tests.csproj", "{9E316CA4-CFCC-3F23-9C25-DAA52CE98484}"
EndProject
Project("{FAE04EC0-301F-11D3-BF4B-00C04F79EFBC}") = "EpicGames.Core.Tests", "..\..\UE_5.8\Engine\Source\Programs\Shared\EpicGames.Core.Tests\EpicGames.Core.Tests.csproj", "{BBA18C3F-D3A9-31A7-9F65-2CD142F634E3}"
EndProject
Project("{FAE04EC0-301F-11D3-BF4B-00C04F79EFBC}") = "EpicGames.Horde.Tests", "..\..\UE_5.8\Engine\Source\Programs\Shared\EpicGames.Horde.Tests\EpicGames.Horde.Tests.csproj", "{350D86F4-021A-338D-8590-E4BECDBCE0A7}"
EndProject
Project("{FAE04EC0-301F-11D3-BF4B-00C04F79EFBC}") = "EpicGames.Perforce.Managed.Tests", "..\..\UE_5.8\Engine\Source\Programs\Shared\EpicGames.Perforce.Managed.Tests\EpicGames.Perforce.Managed.Tests.csproj", "{778E83A6-0FD6-3079-8808-D53340F37517}"
EndProject
Project("{FAE04EC0-301F-11D3-BF4B-00C04F79EFBC}") = "EpicGames.IoHash.Tests", "..\..\UE_5.8\Engine\Source\Programs\Shared\EpicGames.IoHash.Tests\EpicGames.IoHash.Tests.csproj", "{6ECC6333-65C6-3CCC-884D-98F26297560A}"
EndProject
Project("{FAE04EC0-301F-11D3-BF4B-00C04F79EFBC}") = "EpicGames.Serialization.Tests", "..\..\UE_5.8\Engine\Source\Programs\Shared\EpicGames.Serialization.Tests\EpicGames.Serialization.Tests.csproj", "{101140DC-FBAC-3004-B16A-63BFA99676A0}"
EndProject
Global
	GlobalSection(SolutionConfigurationPlatforms) = preSolution
		Analyze|Any CPU = Analyze|Any CPU
		Debug|Any CPU = Debug|Any CPU
		Development|Any CPU = Development|Any CPU
		Release|Any CPU = Release|Any CPU
	EndGlobalSection
	GlobalSection(ProjectConfigurationPlatforms) = postSolution
		{D488FB77-C62B-3DA9-8DEB-0F78CFF540A9}.Analyze|Any CPU.ActiveCfg = Analyze|Any CPU
		{D488FB77-C62B-3DA9-8DEB-0F78CFF540A9}.Analyze|Any CPU.Build.0 = Analyze|Any CPU
		{D488FB77-C62B-3DA9-8DEB-0F78CFF540A9}.Debug|Any CPU.ActiveCfg = Debug|Any CPU
		{D488FB77-C62B-3DA9-8DEB-0F78CFF540A9}.Debug|Any CPU.Build.0 = Debug|Any CPU
		{D488FB77-C62B-3DA9-8DEB-0F78CFF540A9}.Development|Any CPU.ActiveCfg = Development|Any CPU
		{D488FB77-C62B-3DA9-8DEB-0F78CFF540A9}.Development|Any CPU.Build.0 = Development|Any CPU
		{D488FB77-C62B-3DA9-8DEB-0F78CFF540A9}.Release|Any CPU.ActiveCfg = Release|Any CPU
		{D488FB77-C62B-3DA9-8DEB-0F78CFF540A9}.Release|Any CPU.Build.0 = Release|Any CPU
		{C80905BC-82E1-3ADA-9A04-D713DA5F8ED0}.Analyze|Any CPU.ActiveCfg = Analyze|Any CPU
		{C80905BC-82E1-3ADA-9A04-D713DA5F8ED0}.Analyze|Any CPU.Build.0 = Analyze|Any CPU
		{C80905BC-82E1-3ADA-9A04-D713DA5F8ED0}.Debug|Any CPU.ActiveCfg = Debug|Any CPU
		{C80905BC-82E1-3ADA-9A04-D713DA5F8ED0}.Debug|Any CPU.Build.0 = Debug|Any CPU
		{C80905BC-82E1-3ADA-9A04-D713DA5F8ED0}.Development|Any CPU.ActiveCfg = Development|Any CPU
		{C80905BC-82E1-3ADA-9A04-D713DA5F8ED0}.Development|Any CPU.Build.0 = Development|Any CPU
		{C80905BC-82E1-3ADA-9A04-D713DA5F8ED0}.Release|Any CPU.ActiveCfg = Release|Any CPU
		{C80905BC-82E1-3ADA-9A04-D713DA5F8ED0}.Release|Any CPU.Build.0 = Release|Any CPU
		{73DBFD3F-38D1-3CDC-AE5B-B52725E2F842}.Analyze|Any CPU.ActiveCfg = Analyze|Any CPU
		{73DBFD3F-38D1-3CDC-AE5B-B52725E2F842}.Analyze|Any CPU.Build.0 = Analyze|Any CPU
		{73DBFD3F-38D1-3CDC-AE5B-B52725E2F842}.Debug|Any CPU.ActiveCfg = Debug|Any CPU
		{73DBFD3F-38D1-3CDC-AE5B-B52725E2F842}.Debug|Any CPU.Build.0 = Debug|Any CPU
		{73DBFD3F-38D1-3CDC-AE5B-B52725E2F842}.Development|Any CPU.ActiveCfg = Development|Any CPU
		{73DBFD3F-38D1-3CDC-AE5B-B52725E2F842}.Development|Any CPU.Build.0 = Development|Any CPU
		{73DBFD3F-38D1-3CDC-AE5B-B52725E2F842}.Release|Any CPU.ActiveCfg = Release|Any CPU
		{73DBFD3F-38D1-3CDC-AE5B-B52725E2F842}.Release|Any CPU.Build.0 = Release|Any CPU
		{07F7EFE0-B8EA-329B-BF0F-1574BFCB4F2A}.Analyze|Any CPU.ActiveCfg = Analyze|Any CPU
		{07F7EFE0-B8EA-329B-BF0F-1574BFCB4F2A}.Analyze|Any CPU.Build.0 = Analyze|Any CPU
		{07F7EFE0-B8EA-329B-BF0F-1574BFCB4F2A}.Debug|Any CPU.ActiveCfg = Debug|Any CPU
		{07F7EFE0-B8EA-329B-BF0F-1574BFCB4F2A}.Debug|Any CPU.Build.0 = Debug|Any CPU
		{07F7EFE0-B8EA-329B-BF0F-1574BFCB4F2A}.Development|Any CPU.ActiveCfg = Development|Any CPU
		{07F7EFE0-B8EA-329B-BF0F-1574BFCB4F2A}.Development|Any CPU.Build.0 = Development|Any CPU
		{07F7EFE0-B8EA-329B-BF0F-1574BFCB4F2A}.Release|Any CPU.ActiveCfg = Release|Any CPU
		{07F7EFE0-B8EA-329B-BF0F-1574BFCB4F2A}.Release|Any CPU.Build.0 = Release|Any CPU
		{1BC06582-A0E0-3E98-B142-DF0C54EC9197}.Analyze|Any CPU.ActiveCfg = Analyze|Any CPU
		{1BC06582-A0E0-3E98-B142-DF0C54EC9197}.Analyze|Any CPU.Build.0 = Analyze|Any CPU
		{1BC06582-A0E0-3E98-B142-DF0C54EC9197}.Debug|Any CPU.ActiveCfg = Debug|Any CPU
		{1BC06582-A0E0-3E98-B142-DF0C54EC9197}.Debug|Any CPU.Build.0 = Debug|Any CPU
		{1BC06582-A0E0-3E98-B142-DF0C54EC9197}.Development|Any CPU.ActiveCfg = Development|Any CPU
		{1BC06582-A0E0-3E98-B142-DF0C54EC9197}.Development|Any CPU.Build.0 = Development|Any CPU
		{1BC06582-A0E0-3E98-B142-DF0C54EC9197}.Release|Any CPU.ActiveCfg = Release|Any CPU
		{1BC06582-A0E0-3E98-B142-DF0C54EC9197}.Release|Any CPU.Build.0 = Release|Any CPU
		{5DAB1247-5389-381E-841E-33FD81A40C83}.Analyze|Any CPU.ActiveCfg = Analyze|Any CPU
		{5DAB1247-5389-381E-841E-33FD81A40C83}.Analyze|Any CPU.Build.0 = Analyze|Any CPU
		{5DAB1247-5389-381E-841E-33FD81A40C83}.Debug|Any CPU.ActiveCfg = Debug|Any CPU
		{5DAB1247-5389-381E-841E-33FD81A40C83}.Debug|Any CPU.Build.0 = Debug|Any CPU
		{5DAB1247-5389-381E-841E-33FD81A40C83}.Development|Any CPU.ActiveCfg = Development|Any CPU
		{5DAB1247-5389-381E-841E-33FD81A40C83}.Development|Any CPU.Build.0 = Development|Any CPU
		{5DAB1247-5389-381E-841E-33FD81A40C83}.Release|Any CPU.ActiveCfg = Release|Any CPU
		{5DAB1247-5389-381E-841E-33FD81A40C83}.Release|Any CPU.Build.0 = Release|Any CPU
		{A10FE576-1E4A-3EE7-BFA8-252B2CA7B44F}.Analyze|Any CPU.ActiveCfg = Analyze|Any CPU
		{A10FE576-1E4A-3EE7-BFA8-252B2CA7B44F}.Analyze|Any CPU.Build.0 = Analyze|Any CPU
		{A10FE576-1E4A-3EE7-BFA8-252B2CA7B44F}.Debug|Any CPU.ActiveCfg = Debug|Any CPU
		{A10FE576-1E4A-3EE7-BFA8-252B2CA7B44F}.Debug|Any CPU.Build.0 = Debug|Any CPU
		{A10FE576-1E4A-3EE7-BFA8-252B2CA7B44F}.Development|Any CPU.ActiveCfg = Development|Any CPU
		{A10FE576-1E4A-3EE7-BFA8-252B2CA7B44F}.Development|Any CPU.Build.0 = Development|Any CPU
		{A10FE576-1E4A-3EE7-BFA8-252B2CA7B44F}.Release|Any CPU.ActiveCfg = Release|Any CPU
		{A10FE576-1E4A-3EE7-BFA8-252B2CA7B44F}.Release|Any CPU.Build.0 = Release|Any CPU
		{15BCD3F5-B6E1-33EF-9D92-04EA104060B6}.Analyze|Any CPU.ActiveCfg = Analyze|Any CPU
		{15BCD3F5-B6E1-33EF-9D92-04EA104060B6}.Analyze|Any CPU.Build.0 = Analyze|Any CPU
		{15BCD3F5-B6E1-33EF-9D92-04EA104060B6}.Debug|Any CPU.ActiveCfg = Debug|Any CPU
		{15BCD3F5-B6E1-33EF-9D92-04EA104060B6}.Debug|Any CPU.Build.0 = Debug|Any CPU
		{15BCD3F5-B6E1-33EF-9D92-04EA104060B6}.Development|Any CPU.ActiveCfg = Development|Any CPU
		{15BCD3F5-B6E1-33EF-9D92-04EA104060B6}.Development|Any CPU.Build.0 = Development|Any CPU
		{15BCD3F5-B6E1-33EF-9D92-04EA104060B6}.Release|Any CPU.ActiveCfg = Release|Any CPU
		{15BCD3F5-B6E1-33EF-9D92-04EA104060B6}.Release|Any CPU.Build.0 = Release|Any CPU
		{E0A6692C-88D7-34C6-93ED-3FAD666890A7}.Analyze|Any CPU.ActiveCfg = Analyze|Any CPU
		{E0A6692C-88D7-34C6-93ED-3FAD666890A7}.Analyze|Any CPU.Build.0 = Analyze|Any CPU
		{E0A6692C-88D7-34C6-93ED-3FAD666890A7}.Debug|Any CPU.ActiveCfg = Debug|Any CPU
		{E0A6692C-88D7-34C6-93ED-3FAD666890A7}.Debug|Any CPU.Build.0 = Debug|Any CPU
		{E0A6692C-88D7-34C6-93ED-3FAD666890A7}.Development|Any CPU.ActiveCfg = Development|Any CPU
		{E0A6692C-88D7-34C6-93ED-3FAD666890A7}.Development|Any CPU.Build.0 = Development|Any CPU
		{E0A6692C-88D7-34C6-93ED-3FAD666890A7}.Release|Any CPU.ActiveCfg = Release|Any CPU
		{E0A6692C-88D7-34C6-93ED-3FAD666890A7}.Release|Any CPU.Build.0 = Release|Any CPU
		{F24AECAE-49A8-37F3-BA9D-7E5ABBBABD59}.Analyze|Any CPU.ActiveCfg = Analyze|Any CPU
		{F24AECAE-49A8-37F3-BA9D-7E5ABBBABD59}.Analyze|Any CPU.Build.0 = Analyze|Any CPU
		{F24AECAE-49A8-37F3-BA9D-7E5ABBBABD59}.Debug|Any CPU.ActiveCfg = Debug|Any CPU
		{F24AECAE-49A8-37F3-BA9D-7E5ABBBABD59}.Debug|Any CPU.Build.0 = Debug|Any CPU
		{F24AECAE-49A8-37F3-BA9D-7E5ABBBABD59}.Development|Any CPU.ActiveCfg = Development|Any CPU
		{F24AECAE-49A8-37F3-BA9D-7E5ABBBABD59}.Development|Any CPU.Build.0 = Development|Any CPU
		{F24AECAE-49A8-37F3-BA9D-7E5ABBBABD59}.Release|Any CPU.ActiveCfg = Release|Any CPU
		{F24AECAE-49A8-37F3-BA9D-7E5ABBBABD59}.Release|Any CPU.Build.0 = Release|Any CPU
		{2DB1C4EE-1FD3-3A5F-A6AB-291F9E86E742}.Analyze|Any CPU.ActiveCfg = Analyze|Any CPU
		{2DB1C4EE-1FD3-3A5F-A6AB-291F9E86E742}.Analyze|Any CPU.Build.0 = Analyze|Any CPU
		{2DB1C4EE-1FD3-3A5F-A6AB-291F9E86E742}.Debug|Any CPU.ActiveCfg = Debug|Any CPU
		{2DB1C4EE-1FD3-3A5F-A6AB-291F9E86E742}.Debug|Any CPU.Build.0 = Debug|Any CPU
		{2DB1C4EE-1FD3-3A5F-A6AB-291F9E86E742}.Development|Any CPU.ActiveCfg = Development|Any CPU
		{2DB1C4EE-1FD3-3A5F-A6AB-291F9E86E742}.Development|Any CPU.Build.0 = Development|Any CPU
		{2DB1C4EE-1FD3-3A5F-A6AB-291F9E86E742}.Release|Any CPU.ActiveCfg = Release|Any CPU
		{2DB1C4EE-1FD3-3A5F-A6AB-291F9E86E742}.Release|Any CPU.Build.0 = Release|Any CPU
		{59EE586B-DC0B-3DAB-90EE-92A2FEF1DF01}.Analyze|Any CPU.ActiveCfg = Analyze|Any CPU
		{59EE586B-DC0B-3DAB-90EE-92A2FEF1DF01}.Analyze|Any CPU.Build.0 = Analyze|Any CPU
		{59EE586B-DC0B-3DAB-90EE-92A2FEF1DF01}.Debug|Any CPU.ActiveCfg = Debug|Any CPU
		{59EE586B-DC0B-3DAB-90EE-92A2FEF1DF01}.Debug|Any CPU.Build.0 = Debug|Any CPU
		{59EE586B-DC0B-3DAB-90EE-92A2FEF1DF01}.Development|Any CPU.ActiveCfg = Development|Any CPU
		{59EE586B-DC0B-3DAB-90EE-92A2FEF1DF01}.Development|Any CPU.Build.0 = Development|Any CPU
		{59EE586B-DC0B-3DAB-90EE-92A2FEF1DF01}.Release|Any CPU.ActiveCfg = Release|Any CPU
		{59EE586B-DC0B-3DAB-90EE-92A2FEF1DF01}.Release|Any CPU.Build.0 = Release|Any CPU
		{54F19E27-18C6-3923-A5FF-11B5ACB125A4}.Analyze|Any CPU.ActiveCfg = Analyze|Any CPU
		{54F19E27-18C6-3923-A5FF-11B5ACB125A4}.Analyze|Any CPU.Build.0 = Analyze|Any CPU
		{54F19E27-18C6-3923-A5FF-11B5ACB125A4}.Debug|Any CPU.ActiveCfg = Debug|Any CPU
		{54F19E27-18C6-3923-A5FF-11B5ACB125A4}.Debug|Any CPU.Build.0 = Debug|Any CPU
		{54F19E27-18C6-3923-A5FF-11B5ACB125A4}.Development|Any CPU.ActiveCfg = Development|Any CPU
		{54F19E27-18C6-3923-A5FF-11B5ACB125A4}.Development|Any CPU.Build.0 = Development|Any CPU
		{54F19E27-18C6-3923-A5FF-11B5ACB125A4}.Release|Any CPU.ActiveCfg = Release|Any CPU
		{54F19E27-18C6-3923-A5FF-11B5ACB125A4}.Release|Any CPU.Build.0 = Release|Any CPU
		{D3C38A4B-15FB-3B8C-9C77-A24C35BCBCAF}.Analyze|Any CPU.ActiveCfg = Analyze|Any CPU
		{D3C38A4B-15FB-3B8C-9C77-A24C35BCBCAF}.Analyze|Any CPU.Build.0 = Analyze|Any CPU
		{D3C38A4B-15FB-3B8C-9C77-A24C35BCBCAF}.Debug|Any CPU.ActiveCfg = Debug|Any CPU
		{D3C38A4B-15FB-3B8C-9C77-A24C35BCBCAF}.Debug|Any CPU.Build.0 = Debug|Any CPU
		{D3C38A4B-15FB-3B8C-9C77-A24C35BCBCAF}.Development|Any CPU.ActiveCfg = Development|Any CPU
		{D3C38A4B-15FB-3B8C-9C77-A24C35BCBCAF}.Development|Any CPU.Build.0 = Development|Any CPU
		{D3C38A4B-15FB-3B8C-9C77-A24C35BCBCAF}.Release|Any CPU.ActiveCfg = Release|Any CPU
		{D3C38A4B-15FB-3B8C-9C77-A24C35BCBCAF}.Release|Any CPU.Build.0 = Release|Any CPU
		{0DA17713-C7C6-3D1F-929E-2CF2EE9D5153}.Analyze|Any CPU.ActiveCfg = Analyze|Any CPU
		{0DA17713-C7C6-3D1F-929E-2CF2EE9D5153}.Analyze|Any CPU.Build.0 = Analyze|Any CPU
		{0DA17713-C7C6-3D1F-929E-2CF2EE9D5153}.Debug|Any CPU.ActiveCfg = Debug|Any CPU
		{0DA17713-C7C6-3D1F-929E-2CF2EE9D5153}.Debug|Any CPU.Build.0 = Debug|Any CPU
		{0DA17713-C7C6-3D1F-929E-2CF2EE9D5153}.Development|Any CPU.ActiveCfg = Development|Any CPU
		{0DA17713-C7C6-3D1F-929E-2CF2EE9D5153}.Development|Any CPU.Build.0 = Development|Any CPU
		{0DA17713-C7C6-3D1F-929E-2CF2EE9D5153}.Release|Any CPU.ActiveCfg = Release|Any CPU
		{0DA17713-C7C6-3D1F-929E-2CF2EE9D5153}.Release|Any CPU.Build.0 = Release|Any CPU
		{B50DB34E-F107-366B-939F-A73D533AD029}.Analyze|Any CPU.ActiveCfg = Analyze|Any CPU
		{B50DB34E-F107-366B-939F-A73D533AD029}.Analyze|Any CPU.Build.0 = Analyze|Any CPU
		{B50DB34E-F107-366B-939F-A73D533AD029}.Debug|Any CPU.ActiveCfg = Debug|Any CPU
		{B50DB34E-F107-366B-939F-A73D533AD029}.Debug|Any CPU.Build.0 = Debug|Any CPU
		{B50DB34E-F107-366B-939F-A73D533AD029}.Development|Any CPU.ActiveCfg = Development|Any CPU
		{B50DB34E-F107-366B-939F-A73D533AD029}.Development|Any CPU.Build.0 = Development|Any CPU
		{B50DB34E-F107-366B-939F-A73D533AD029}.Release|Any CPU.ActiveCfg = Release|Any CPU
		{B50DB34E-F107-366B-939F-A73D533AD029}.Release|Any CPU.Build.0 = Release|Any CPU
		{43FF68C6-02E5-3B71-B43E-CE2BB6D38FF4}.Analyze|Any CPU.ActiveCfg = Analyze|Any CPU
		{43FF68C6-02E5-3B71-B43E-CE2BB6D38FF4}.Analyze|Any CPU.Build.0 = Analyze|Any CPU
		{43FF68C6-02E5-3B71-B43E-CE2BB6D38FF4}.Debug|Any CPU.ActiveCfg = Debug|Any CPU
		{43FF68C6-02E5-3B71-B43E-CE2BB6D38FF4}.Debug|Any CPU.Build.0 = Debug|Any CPU
		{43FF68C6-02E5-3B71-B43E-CE2BB6D38FF4}.Development|Any CPU.ActiveCfg = Development|Any CPU
		{43FF68C6-02E5-3B71-B43E-CE2BB6D38FF4}.Development|Any CPU.Build.0 = Development|Any CPU
		{43FF68C6-02E5-3B71-B43E-CE2BB6D38FF4}.Release|Any CPU.ActiveCfg = Release|Any CPU
		{43FF68C6-02E5-3B71-B43E-CE2BB6D38FF4}.Release|Any CPU.Build.0 = Release|Any CPU
		{F217B10D-30A5-3212-9B76-207344947774}.Analyze|Any CPU.ActiveCfg = Analyze|Any CPU
		{F217B10D-30A5-3212-9B76-207344947774}.Analyze|Any CPU.Build.0 = Analyze|Any CPU
		{F217B10D-30A5-3212-9B76-207344947774}.Debug|Any CPU.ActiveCfg = Debug|Any CPU
		{F217B10D-30A5-3212-9B76-207344947774}.Debug|Any CPU.Build.0 = Debug|Any CPU
		{F217B10D-30A5-3212-9B76-207344947774}.Development|Any CPU.ActiveCfg = Development|Any CPU
		{F217B10D-30A5-3212-9B76-207344947774}.Development|Any CPU.Build.0 = Development|Any CPU
		{F217B10D-30A5-3212-9B76-207344947774}.Release|Any CPU.ActiveCfg = Release|Any CPU
		{F217B10D-30A5-3212-9B76-207344947774}.Release|Any CPU.Build.0 = Release|Any CPU
		{F572C352-E8DF-37E2-A998-E9E2644E6FF8}.Analyze|Any CPU.ActiveCfg = Analyze|Any CPU
		{F572C352-E8DF-37E2-A998-E9E2644E6FF8}.Analyze|Any CPU.Build.0 = Analyze|Any CPU
		{F572C352-E8DF-37E2-A998-E9E2644E6FF8}.Debug|Any CPU.ActiveCfg = Debug|Any CPU
		{F572C352-E8DF-37E2-A998-E9E2644E6FF8}.Debug|Any CPU.Build.0 = Debug|Any CPU
		{F572C352-E8DF-37E2-A998-E9E2644E6FF8}.Development|Any CPU.ActiveCfg = Development|Any CPU
		{F572C352-E8DF-37E2-A998-E9E2644E6FF8}.Development|Any CPU.Build.0 = Development|Any CPU
		{F572C352-E8DF-37E2-A998-E9E2644E6FF8}.Release|Any CPU.ActiveCfg = Release|Any CPU
		{F572C352-E8DF-37E2-A998-E9E2644E6FF8}.Release|Any CPU.Build.0 = Release|Any CPU
		{6929BD00-0E47-3608-B219-58D0554C78D9}.Analyze|Any CPU.ActiveCfg = Analyze|Any CPU
		{6929BD00-0E47-3608-B219-58D0554C78D9}.Analyze|Any CPU.Build.0 = Analyze|Any CPU
		{6929BD00-0E47-3608-B219-58D0554C78D9}.Debug|Any CPU.ActiveCfg = Debug|Any CPU
		{6929BD00-0E47-3608-B219-58D0554C78D9}.Debug|Any CPU.Build.0 = Debug|Any CPU
		{6929BD00-0E47-3608-B219-58D0554C78D9}.Development|Any CPU.ActiveCfg = Development|Any CPU
		{6929BD00-0E47-3608-B219-58D0554C78D9}.Development|Any CPU.Build.0 = Development|Any CPU
		{6929BD00-0E47-3608-B219-58D0554C78D9}.Release|Any CPU.ActiveCfg = Release|Any CPU
		{6929BD00-0E47-3608-B219-58D0554C78D9}.Release|Any CPU.Build.0 = Release|Any CPU
		{BD25F5A2-FADB-3406-9B85-6E9351974E35}.Analyze|Any CPU.ActiveCfg = Analyze|Any CPU
		{BD25F5A2-FADB-3406-9B85-6E9351974E35}.Analyze|Any CPU.Build.0 = Analyze|Any CPU
		{BD25F5A2-FADB-3406-9B85-6E9351974E35}.Debug|Any CPU.ActiveCfg = Debug|Any CPU
		{BD25F5A2-FADB-3406-9B85-6E9351974E35}.Debug|Any CPU.Build.0 = Debug|Any CPU
		{BD25F5A2-FADB-3406-9B85-6E9351974E35}.Development|Any CPU.ActiveCfg = Development|Any CPU
		{BD25F5A2-FADB-3406-9B85-6E9351974E35}.Development|Any CPU.Build.0 = Development|Any CPU
		{BD25F5A2-FADB-3406-9B85-6E9351974E35}.Release|Any CPU.ActiveCfg = Release|Any CPU
		{BD25F5A2-FADB-3406-9B85-6E9351974E35}.Release|Any CPU.Build.0 = Release|Any CPU
		{A9BFB684-966B-35BE-88BE-6C00B9F72A4C}.Analyze|Any CPU.ActiveCfg = Analyze|Any CPU
		{A9BFB684-966B-35BE-88BE-6C00B9F72A4C}.Analyze|Any CPU.Build.0 = Analyze|Any CPU
		{A9BFB684-966B-35BE-88BE-6C00B9F72A4C}.Debug|Any CPU.ActiveCfg = Debug|Any CPU
		{A9BFB684-966B-35BE-88BE-6C00B9F72A4C}.Debug|Any CPU.Build.0 = Debug|Any CPU
		{A9BFB684-966B-35BE-88BE-6C00B9F72A4C}.Development|Any CPU.ActiveCfg = Development|Any CPU
		{A9BFB684-966B-35BE-88BE-6C00B9F72A4C}.Development|Any CPU.Build.0 = Development|Any CPU
		{A9BFB684-966B-35BE-88BE-6C00B9F72A4C}.Release|Any CPU.ActiveCfg = Release|Any CPU
		{A9BFB684-966B-35BE-88BE-6C00B9F72A4C}.Release|Any CPU.Build.0 = Release|Any CPU
		{5C49B4D1-45C9-3C65-B7F8-80771D60B58B}.Analyze|Any CPU.ActiveCfg = Analyze|Any CPU
		{5C49B4D1-45C9-3C65-B7F8-80771D60B58B}.Analyze|Any CPU.Build.0 = Analyze|Any CPU
		{5C49B4D1-45C9-3C65-B7F8-80771D60B58B}.Debug|Any CPU.ActiveCfg = Debug|Any CPU
		{5C49B4D1-45C9-3C65-B7F8-80771D60B58B}.Debug|Any CPU.Build.0 = Debug|Any CPU
		{5C49B4D1-45C9-3C65-B7F8-80771D60B58B}.Development|Any CPU.ActiveCfg = Development|Any CPU
		{5C49B4D1-45C9-3C65-B7F8-80771D60B58B}.Development|Any CPU.Build.0 = Development|Any CPU
		{5C49B4D1-45C9-3C65-B7F8-80771D60B58B}.Release|Any CPU.ActiveCfg = Release|Any CPU
		{5C49B4D1-45C9-3C65-B7F8-80771D60B58B}.Release|Any CPU.Build.0 = Release|Any CPU
		{8B2274BB-D69C-363F-ACC3-D3EC94AD311D}.Analyze|Any CPU.ActiveCfg = Analyze|Any CPU
		{8B2274BB-D69C-363F-ACC3-D3EC94AD311D}.Analyze|Any CPU.Build.0 = Analyze|Any CPU
		{8B2274BB-D69C-363F-ACC3-D3EC94AD311D}.Debug|Any CPU.ActiveCfg = Debug|Any CPU
		{8B2274BB-D69C-363F-ACC3-D3EC94AD311D}.Debug|Any CPU.Build.0 = Debug|Any CPU
		{8B2274BB-D69C-363F-ACC3-D3EC94AD311D}.Development|Any CPU.ActiveCfg = Development|Any CPU
		{8B2274BB-D69C-363F-ACC3-D3EC94AD311D}.Development|Any CPU.Build.0 = Development|Any CPU
		{8B2274BB-D69C-363F-ACC3-D3EC94AD311D}.Release|Any CPU.ActiveCfg = Release|Any CPU
		{8B2274BB-D69C-363F-ACC3-D3EC94AD311D}.Release|Any CPU.Build.0 = Release|Any CPU
		{E84D51E4-FC82-3BC9-8649-59CDEF857761}.Analyze|Any CPU.ActiveCfg = Analyze|Any CPU
		{E84D51E4-FC82-3BC9-8649-59CDEF857761}.Analyze|Any CPU.Build.0 = Analyze|Any CPU
		{E84D51E4-FC82-3BC9-8649-59CDEF857761}.Debug|Any CPU.ActiveCfg = Debug|Any CPU
		{E84D51E4-FC82-3BC9-8649-59CDEF857761}.Debug|Any CPU.Build.0 = Debug|Any CPU
		{E84D51E4-FC82-3BC9-8649-59CDEF857761}.Development|Any CPU.ActiveCfg = Development|Any CPU
		{E84D51E4-FC82-3BC9-8649-59CDEF857761}.Development|Any CPU.Build.0 = Development|Any CPU
		{E84D51E4-FC82-3BC9-8649-59CDEF857761}.Release|Any CPU.ActiveCfg = Release|Any CPU
		{E84D51E4-FC82-3BC9-8649-59CDEF857761}.Release|Any CPU.Build.0 = Release|Any CPU
		{E563617E-DC2A-3544-A88D-94B5E3CC7914}.Analyze|Any CPU.ActiveCfg = Analyze|Any CPU
		{E563617E-DC2A-3544-A88D-94B5E3CC7914}.Analyze|Any CPU.Build.0 = Analyze|Any CPU
		{E563617E-DC2A-3544-A88D-94B5E3CC7914}.Debug|Any CPU.ActiveCfg = Debug|Any CPU
		{E563617E-DC2A-3544-A88D-94B5E3CC7914}.Debug|Any CPU.Build.0 = Debug|Any CPU
		{E563617E-DC2A-3544-A88D-94B5E3CC7914}.Development|Any CPU.ActiveCfg = Development|Any CPU
		{E563617E-DC2A-3544-A88D-94B5E3CC7914}.Development|Any CPU.Build.0 = Development|Any CPU
		{E563617E-DC2A-3544-A88D-94B5E3CC7914}.Release|Any CPU.ActiveCfg = Release|Any CPU
		{E563617E-DC2A-3544-A88D-94B5E3CC7914}.Release|Any CPU.Build.0 = Release|Any CPU
		{877BE39A-56BD-3593-B694-EDB27ED4A2DA}.Analyze|Any CPU.ActiveCfg = Analyze|Any CPU
		{877BE39A-56BD-3593-B694-EDB27ED4A2DA}.Analyze|Any CPU.Build.0 = Analyze|Any CPU
		{877BE39A-56BD-3593-B694-EDB27ED4A2DA}.Debug|Any CPU.ActiveCfg = Debug|Any CPU
		{877BE39A-56BD-3593-B694-EDB27ED4A2DA}.Debug|Any CPU.Build.0 = Debug|Any CPU
		{877BE39A-56BD-3593-B694-EDB27ED4A2DA}.Development|Any CPU.ActiveCfg = Development|Any CPU
		{877BE39A-56BD-3593-B694-EDB27ED4A2DA}.Development|Any CPU.Build.0 = Development|Any CPU
		{877BE39A-56BD-3593-B694-EDB27ED4A2DA}.Release|Any CPU.ActiveCfg = Release|Any CPU
		{877BE39A-56BD-3593-B694-EDB27ED4A2DA}.Release|Any CPU.Build.0 = Release|Any CPU
		{55A53FDE-F986-3491-BCB9-EE1FC58BAFA0}.Analyze|Any CPU.ActiveCfg = Analyze|Any CPU
		{55A53FDE-F986-3491-BCB9-EE1FC58BAFA0}.Analyze|Any CPU.Build.0 = Analyze|Any CPU
		{55A53FDE-F986-3491-BCB9-EE1FC58BAFA0}.Debug|Any CPU.ActiveCfg = Debug|Any CPU
		{55A53FDE-F986-3491-BCB9-EE1FC58BAFA0}.Debug|Any CPU.Build.0 = Debug|Any CPU
		{55A53FDE-F986-3491-BCB9-EE1FC58BAFA0}.Development|Any CPU.ActiveCfg = Development|Any CPU
		{55A53FDE-F986-3491-BCB9-EE1FC58BAFA0}.Development|Any CPU.Build.0 = Development|Any CPU
		{55A53FDE-F986-3491-BCB9-EE1FC58BAFA0}.Release|Any CPU.ActiveCfg = Release|Any CPU
		{55A53FDE-F986-3491-BCB9-EE1FC58BAFA0}.Release|Any CPU.Build.0 = Release|Any CPU
		{2C5CC585-9685-3C34-9916-CA712F0A20A7}.Analyze|Any CPU.ActiveCfg = Analyze|Any CPU
		{2C5CC585-9685-3C34-9916-CA712F0A20A7}.Analyze|Any CPU.Build.0 = Analyze|Any CPU
		{2C5CC585-9685-3C34-9916-CA712F0A20A7}.Debug|Any CPU.ActiveCfg = Debug|Any CPU
		{2C5CC585-9685-3C34-9916-CA712F0A20A7}.Debug|Any CPU.Build.0 = Debug|Any CPU
		{2C5CC585-9685-3C34-9916-CA712F0A20A7}.Development|Any CPU.ActiveCfg = Development|Any CPU
		{2C5CC585-9685-3C34-9916-CA712F0A20A7}.Development|Any CPU.Build.0 = Development|Any CPU
		{2C5CC585-9685-3C34-9916-CA712F0A20A7}.Release|Any CPU.ActiveCfg = Release|Any CPU
		{2C5CC585-9685-3C34-9916-CA712F0A20A7}.Release|Any CPU.Build.0 = Release|Any CPU
		{84D34674-E4FA-3FB9-AF5D-5B2A1AFEC26E}.Analyze|Any CPU.ActiveCfg = Analyze|Any CPU
		{84D34674-E4FA-3FB9-AF5D-5B2A1AFEC26E}.Analyze|Any CPU.Build.0 = Analyze|Any CPU
		{84D34674-E4FA-3FB9-AF5D-5B2A1AFEC26E}.Debug|Any CPU.ActiveCfg = Debug|Any CPU
		{84D34674-E4FA-3FB9-AF5D-5B2A1AFEC26E}.Debug|Any CPU.Build.0 = Debug|Any CPU
		{84D34674-E4FA-3FB9-AF5D-5B2A1AFEC26E}.Development|Any CPU.ActiveCfg = Development|Any CPU
		{84D34674-E4FA-3FB9-AF5D-5B2A1AFEC26E}.Development|Any CPU.Build.0 = Development|Any CPU
		{84D34674-E4FA-3FB9-AF5D-5B2A1AFEC26E}.Release|Any CPU.ActiveCfg = Release|Any CPU
		{84D34674-E4FA-3FB9-AF5D-5B2A1AFEC26E}.Release|Any CPU.Build.0 = Release|Any CPU
		{0E0A5265-B751-3821-92C0-60D6F60E26B7}.Analyze|Any CPU.ActiveCfg = Analyze|Any CPU
		{0E0A5265-B751-3821-92C0-60D6F60E26B7}.Analyze|Any CPU.Build.0 = Analyze|Any CPU
		{0E0A5265-B751-3821-92C0-60D6F60E26B7}.Debug|Any CPU.ActiveCfg = Debug|Any CPU
		{0E0A5265-B751-3821-92C0-60D6F60E26B7}.Debug|Any CPU.Build.0 = Debug|Any CPU
		{0E0A5265-B751-3821-92C0-60D6F60E26B7}.Development|Any CPU.ActiveCfg = Development|Any CPU
		{0E0A5265-B751-3821-92C0-60D6F60E26B7}.Development|Any CPU.Build.0 = Development|Any CPU
		{0E0A5265-B751-3821-92C0-60D6F60E26B7}.Release|Any CPU.ActiveCfg = Release|Any CPU
		{0E0A5265-B751-3821-92C0-60D6F60E26B7}.Release|Any CPU.Build.0 = Release|Any CPU
		{E26E6DF0-0CAE-3DF8-A63A-0E42E48AFCE0}.Analyze|Any CPU.ActiveCfg = Analyze|Any CPU
		{E26E6DF0-0CAE-3DF8-A63A-0E42E48AFCE0}.Analyze|Any CPU.Build.0 = Analyze|Any CPU
		{E26E6DF0-0CAE-3DF8-A63A-0E42E48AFCE0}.Debug|Any CPU.ActiveCfg = Debug|Any CPU
		{E26E6DF0-0CAE-3DF8-A63A-0E42E48AFCE0}.Debug|Any CPU.Build.0 = Debug|Any CPU
		{E26E6DF0-0CAE-3DF8-A63A-0E42E48AFCE0}.Development|Any CPU.ActiveCfg = Development|Any CPU
		{E26E6DF0-0CAE-3DF8-A63A-0E42E48AFCE0}.Development|Any CPU.Build.0 = Development|Any CPU
		{E26E6DF0-0CAE-3DF8-A63A-0E42E48AFCE0}.Release|Any CPU.ActiveCfg = Release|Any CPU
		{E26E6DF0-0CAE-3DF8-A63A-0E42E48AFCE0}.Release|Any CPU.Build.0 = Release|Any CPU
		{7B4EE8B5-821A-3691-AFEA-32CAA7BAC236}.Analyze|Any CPU.ActiveCfg = Analyze|Any CPU
		{7B4EE8B5-821A-3691-AFEA-32CAA7BAC236}.Analyze|Any CPU.Build.0 = Analyze|Any CPU
		{7B4EE8B5-821A-3691-AFEA-32CAA7BAC236}.Debug|Any CPU.ActiveCfg = Debug|Any CPU
		{7B4EE8B5-821A-3691-AFEA-32CAA7BAC236}.Debug|Any CPU.Build.0 = Debug|Any CPU
		{7B4EE8B5-821A-3691-AFEA-32CAA7BAC236}.Development|Any CPU.ActiveCfg = Development|Any CPU
		{7B4EE8B5-821A-3691-AFEA-32CAA7BAC236}.Development|Any CPU.Build.0 = Development|Any CPU
		{7B4EE8B5-821A-3691-AFEA-32CAA7BAC236}.Release|Any CPU.ActiveCfg = Release|Any CPU
		{7B4EE8B5-821A-3691-AFEA-32CAA7BAC236}.Release|Any CPU.Build.0 = Release|Any CPU
		{32A183A8-F18D-35BF-BFB8-9AF1CEDF072B}.Analyze|Any CPU.ActiveCfg = Analyze|Any CPU
		{32A183A8-F18D-35BF-BFB8-9AF1CEDF072B}.Analyze|Any CPU.Build.0 = Analyze|Any CPU
		{32A183A8-F18D-35BF-BFB8-9AF1CEDF072B}.Debug|Any CPU.ActiveCfg = Debug|Any CPU
		{32A183A8-F18D-35BF-BFB8-9AF1CEDF072B}.Debug|Any CPU.Build.0 = Debug|Any CPU
		{32A183A8-F18D-35BF-BFB8-9AF1CEDF072B}.Development|Any CPU.ActiveCfg = Development|Any CPU
		{32A183A8-F18D-35BF-BFB8-9AF1CEDF072B}.Development|Any CPU.Build.0 = Development|Any CPU
		{32A183A8-F18D-35BF-BFB8-9AF1CEDF072B}.Release|Any CPU.ActiveCfg = Release|Any CPU
		{32A183A8-F18D-35BF-BFB8-9AF1CEDF072B}.Release|Any CPU.Build.0 = Release|Any CPU
		{46464BDB-5FD0-3290-9DDB-02FEC4032157}.Analyze|Any CPU.ActiveCfg = Analyze|Any CPU
		{46464BDB-5FD0-3290-9DDB-02FEC4032157}.Analyze|Any CPU.Build.0 = Analyze|Any CPU
		{46464BDB-5FD0-3290-9DDB-02FEC4032157}.Debug|Any CPU.ActiveCfg = Debug|Any CPU
		{46464BDB-5FD0-3290-9DDB-02FEC4032157}.Debug|Any CPU.Build.0 = Debug|Any CPU
		{46464BDB-5FD0-3290-9DDB-02FEC4032157}.Development|Any CPU.ActiveCfg = Development|Any CPU
		{46464BDB-5FD0-3290-9DDB-02FEC4032157}.Development|Any CPU.Build.0 = Development|Any CPU
		{46464BDB-5FD0-3290-9DDB-02FEC4032157}.Release|Any CPU.ActiveCfg = Release|Any CPU
		{46464BDB-5FD0-3290-9DDB-02FEC4032157}.Release|Any CPU.Build.0 = Release|Any CPU
		{1E3FF53E-9262-3D95-8125-08CEAE4887F4}.Analyze|Any CPU.ActiveCfg = Analyze|Any CPU
		{1E3FF53E-9262-3D95-8125-08CEAE4887F4}.Analyze|Any CPU.Build.0 = Analyze|Any CPU
		{1E3FF53E-9262-3D95-8125-08CEAE4887F4}.Debug|Any CPU.ActiveCfg = Debug|Any CPU
		{1E3FF53E-9262-3D95-8125-08CEAE4887F4}.Debug|Any CPU.Build.0 = Debug|Any CPU
		{1E3FF53E-9262-3D95-8125-08CEAE4887F4}.Development|Any CPU.ActiveCfg = Development|Any CPU
		{1E3FF53E-9262-3D95-8125-08CEAE4887F4}.Development|Any CPU.Build.0 = Development|Any CPU
		{1E3FF53E-9262-3D95-8125-08CEAE4887F4}.Release|Any CPU.ActiveCfg = Release|Any CPU
		{1E3FF53E-9262-3D95-8125-08CEAE4887F4}.Release|Any CPU.Build.0 = Release|Any CPU
		{33F58C0A-7D56-3887-8FAB-C958B408F794}.Analyze|Any CPU.ActiveCfg = Analyze|Any CPU
		{33F58C0A-7D56-3887-8FAB-C958B408F794}.Analyze|Any CPU.Build.0 = Analyze|Any CPU
		{33F58C0A-7D56-3887-8FAB-C958B408F794}.Debug|Any CPU.ActiveCfg = Debug|Any CPU
		{33F58C0A-7D56-3887-8FAB-C958B408F794}.Debug|Any CPU.Build.0 = Debug|Any CPU
		{33F58C0A-7D56-3887-8FAB-C958B408F794}.Development|Any CPU.ActiveCfg = Development|Any CPU
		{33F58C0A-7D56-3887-8FAB-C958B408F794}.Development|Any CPU.Build.0 = Development|Any CPU
		{33F58C0A-7D56-3887-8FAB-C958B408F794}.Release|Any CPU.ActiveCfg = Release|Any CPU
		{33F58C0A-7D56-3887-8FAB-C958B408F794}.Release|Any CPU.Build.0 = Release|Any CPU
		{826E93F7-D4F4-3446-A095-71D4B639FD8C}.Analyze|Any CPU.ActiveCfg = Analyze|Any CPU
		{826E93F7-D4F4-3446-A095-71D4B639FD8C}.Analyze|Any CPU.Build.0 = Analyze|Any CPU
		{826E93F7-D4F4-3446-A095-71D4B639FD8C}.Debug|Any CPU.ActiveCfg = Debug|Any CPU
		{826E93F7-D4F4-3446-A095-71D4B639FD8C}.Debug|Any CPU.Build.0 = Debug|Any CPU
		{826E93F7-D4F4-3446-A095-71D4B639FD8C}.Development|Any CPU.ActiveCfg = Development|Any CPU
		{826E93F7-D4F4-3446-A095-71D4B639FD8C}.Development|Any CPU.Build.0 = Development|Any CPU
		{826E93F7-D4F4-3446-A095-71D4B639FD8C}.Release|Any CPU.ActiveCfg = Release|Any CPU
		{826E93F7-D4F4-3446-A095-71D4B639FD8C}.Release|Any CPU.Build.0 = Release|Any CPU
		{B3F1DE29-66FA-3F15-9D0D-0CB75AEF09CD}.Analyze|Any CPU.ActiveCfg = Analyze|Any CPU
		{B3F1DE29-66FA-3F15-9D0D-0CB75AEF09CD}.Analyze|Any CPU.Build.0 = Analyze|Any CPU
		{B3F1DE29-66FA-3F15-9D0D-0CB75AEF09CD}.Debug|Any CPU.ActiveCfg = Debug|Any CPU
		{B3F1DE29-66FA-3F15-9D0D-0CB75AEF09CD}.Debug|Any CPU.Build.0 = Debug|Any CPU
		{B3F1DE29-66FA-3F15-9D0D-0CB75AEF09CD}.Development|Any CPU.ActiveCfg = Development|Any CPU
		{B3F1DE29-66FA-3F15-9D0D-0CB75AEF09CD}.Development|Any CPU.Build.0 = Development|Any CPU
		{B3F1DE29-66FA-3F15-9D0D-0CB75AEF09CD}.Release|Any CPU.ActiveCfg = Release|Any CPU
		{B3F1DE29-66FA-3F15-9D0D-0CB75AEF09CD}.Release|Any CPU.Build.0 = Release|Any CPU
		{0BAE810C-B794-3B46-A5D0-640F4302F29B}.Analyze|Any CPU.ActiveCfg = Analyze|Any CPU
		{0BAE810C-B794-3B46-A5D0-640F4302F29B}.Analyze|Any CPU.Build.0 = Analyze|Any CPU
		{0BAE810C-B794-3B46-A5D0-640F4302F29B}.Debug|Any CPU.ActiveCfg = Debug|Any CPU
		{0BAE810C-B794-3B46-A5D0-640F4302F29B}.Debug|Any CPU.Build.0 = Debug|Any CPU
		{0BAE810C-B794-3B46-A5D0-640F4302F29B}.Development|Any CPU.ActiveCfg = Development|Any CPU
		{0BAE810C-B794-3B46-A5D0-640F4302F29B}.Development|Any CPU.Build.0 = Development|Any CPU
		{0BAE810C-B794-3B46-A5D0-640F4302F29B}.Release|Any CPU.ActiveCfg = Release|Any CPU
		{0BAE810C-B794-3B46-A5D0-640F4302F29B}.Release|Any CPU.Build.0 = Release|Any CPU
		{4574F3CB-7D0D-39A0-9CE5-1F10DEF5DCB6}.Analyze|Any CPU.ActiveCfg = Analyze|Any CPU
		{4574F3CB-7D0D-39A0-9CE5-1F10DEF5DCB6}.Analyze|Any CPU.Build.0 = Analyze|Any CPU
		{4574F3CB-7D0D-39A0-9CE5-1F10DEF5DCB6}.Debug|Any CPU.ActiveCfg = Debug|Any CPU
		{4574F3CB-7D0D-39A0-9CE5-1F10DEF5DCB6}.Debug|Any CPU.Build.0 = Debug|Any CPU
		{4574F3CB-7D0D-39A0-9CE5-1F10DEF5DCB6}.Development|Any CPU.ActiveCfg = Development|Any CPU
		{4574F3CB-7D0D-39A0-9CE5-1F10DEF5DCB6}.Development|Any CPU.Build.0 = Development|Any CPU
		{4574F3CB-7D0D-39A0-9CE5-1F10DEF5DCB6}.Release|Any CPU.ActiveCfg = Release|Any CPU
		{4574F3CB-7D0D-39A0-9CE5-1F10DEF5DCB6}.Release|Any CPU.Build.0 = Release|Any CPU
		{2005C4B8-C1A6-3949-8CE4-CE22FB360B53}.Analyze|Any CPU.ActiveCfg = Analyze|Any CPU
		{2005C4B8-C1A6-3949-8CE4-CE22FB360B53}.Analyze|Any CPU.Build.0 = Analyze|Any CPU
		{2005C4B8-C1A6-3949-8CE4-CE22FB360B53}.Debug|Any CPU.ActiveCfg = Debug|Any CPU
		{2005C4B8-C1A6-3949-8CE4-CE22FB360B53}.Debug|Any CPU.Build.0 = Debug|Any CPU
		{2005C4B8-C1A6-3949-8CE4-CE22FB360B53}.Development|Any CPU.ActiveCfg = Development|Any CPU
		{2005C4B8-C1A6-3949-8CE4-CE22FB360B53}.Development|Any CPU.Build.0 = Development|Any CPU
		{2005C4B8-C1A6-3949-8CE4-CE22FB360B53}.Release|Any CPU.ActiveCfg = Release|Any CPU
		{2005C4B8-C1A6-3949-8CE4-CE22FB360B53}.Release|Any CPU.Build.0 = Release|Any CPU
		{86B1E8B3-46D0-3303-A130-0E371F16E2DB}.Analyze|Any CPU.ActiveCfg = Analyze|Any CPU
		{86B1E8B3-46D0-3303-A130-0E371F16E2DB}.Analyze|Any CPU.Build.0 = Analyze|Any CPU
		{86B1E8B3-46D0-3303-A130-0E371F16E2DB}.Debug|Any CPU.ActiveCfg = Debug|Any CPU
		{86B1E8B3-46D0-3303-A130-0E371F16E2DB}.Debug|Any CPU.Build.0 = Debug|Any CPU
		{86B1E8B3-46D0-3303-A130-0E371F16E2DB}.Development|Any CPU.ActiveCfg = Development|Any CPU
		{86B1E8B3-46D0-3303-A130-0E371F16E2DB}.Development|Any CPU.Build.0 = Development|Any CPU
		{86B1E8B3-46D0-3303-A130-0E371F16E2DB}.Release|Any CPU.ActiveCfg = Release|Any CPU
		{86B1E8B3-46D0-3303-A130-0E371F16E2DB}.Release|Any CPU.Build.0 = Release|Any CPU
		{A37426C3-685B-389E-8648-8F5C1E05B9F3}.Analyze|Any CPU.ActiveCfg = Analyze|Any CPU
		{A37426C3-685B-389E-8648-8F5C1E05B9F3}.Analyze|Any CPU.Build.0 = Analyze|Any CPU
		{A37426C3-685B-389E-8648-8F5C1E05B9F3}.Debug|Any CPU.ActiveCfg = Debug|Any CPU
		{A37426C3-685B-389E-8648-8F5C1E05B9F3}.Debug|Any CPU.Build.0 = Debug|Any CPU
		{A37426C3-685B-389E-8648-8F5C1E05B9F3}.Development|Any CPU.ActiveCfg = Development|Any CPU
		{A37426C3-685B-389E-8648-8F5C1E05B9F3}.Development|Any CPU.Build.0 = Development|Any CPU
		{A37426C3-685B-389E-8648-8F5C1E05B9F3}.Release|Any CPU.ActiveCfg = Release|Any CPU
		{A37426C3-685B-389E-8648-8F5C1E05B9F3}.Release|Any CPU.Build.0 = Release|Any CPU
		{0FED24CC-4740-302D-A7E6-4A0150103BE3}.Analyze|Any CPU.ActiveCfg = Analyze|Any CPU
		{0FED24CC-4740-302D-A7E6-4A0150103BE3}.Analyze|Any CPU.Build.0 = Analyze|Any CPU
		{0FED24CC-4740-302D-A7E6-4A0150103BE3}.Debug|Any CPU.ActiveCfg = Debug|Any CPU
		{0FED24CC-4740-302D-A7E6-4A0150103BE3}.Debug|Any CPU.Build.0 = Debug|Any CPU
		{0FED24CC-4740-302D-A7E6-4A0150103BE3}.Development|Any CPU.ActiveCfg = Development|Any CPU
		{0FED24CC-4740-302D-A7E6-4A0150103BE3}.Development|Any CPU.Build.0 = Development|Any CPU
		{0FED24CC-4740-302D-A7E6-4A0150103BE3}.Release|Any CPU.ActiveCfg = Release|Any CPU
		{0FED24CC-4740-302D-A7E6-4A0150103BE3}.Release|Any CPU.Build.0 = Release|Any CPU
		{639B8321-182B-3E3E-89E2-A2152CBFDAAA}.Analyze|Any CPU.ActiveCfg = Analyze|Any CPU
		{639B8321-182B-3E3E-89E2-A2152CBFDAAA}.Analyze|Any CPU.Build.0 = Analyze|Any CPU
		{639B8321-182B-3E3E-89E2-A2152CBFDAAA}.Debug|Any CPU.ActiveCfg = Debug|Any CPU
		{639B8321-182B-3E3E-89E2-A2152CBFDAAA}.Debug|Any CPU.Build.0 = Debug|Any CPU
		{639B8321-182B-3E3E-89E2-A2152CBFDAAA}.Development|Any CPU.ActiveCfg = Development|Any CPU
		{639B8321-182B-3E3E-89E2-A2152CBFDAAA}.Development|Any CPU.Build.0 = Development|Any CPU
		{639B8321-182B-3E3E-89E2-A2152CBFDAAA}.Release|Any CPU.ActiveCfg = Release|Any CPU
		{639B8321-182B-3E3E-89E2-A2152CBFDAAA}.Release|Any CPU.Build.0 = Release|Any CPU
		{241669DC-455F-3CBF-89A6-E0FF97E663D2}.Analyze|Any CPU.ActiveCfg = Analyze|Any CPU
		{241669DC-455F-3CBF-89A6-E0FF97E663D2}.Analyze|Any CPU.Build.0 = Analyze|Any CPU
		{241669DC-455F-3CBF-89A6-E0FF97E663D2}.Debug|Any CPU.ActiveCfg = Debug|Any CPU
		{241669DC-455F-3CBF-89A6-E0FF97E663D2}.Debug|Any CPU.Build.0 = Debug|Any CPU
		{241669DC-455F-3CBF-89A6-E0FF97E663D2}.Development|Any CPU.ActiveCfg = Development|Any CPU
		{241669DC-455F-3CBF-89A6-E0FF97E663D2}.Development|Any CPU.Build.0 = Development|Any CPU
		{241669DC-455F-3CBF-89A6-E0FF97E663D2}.Release|Any CPU.ActiveCfg = Release|Any CPU
		{241669DC-455F-3CBF-89A6-E0FF97E663D2}.Release|Any CPU.Build.0 = Release|Any CPU
		{9E316CA4-CFCC-3F23-9C25-DAA52CE98484}.Analyze|Any CPU.ActiveCfg = Analyze|Any CPU
		{9E316CA4-CFCC-3F23-9C25-DAA52CE98484}.Analyze|Any CPU.Build.0 = Analyze|Any CPU
		{9E316CA4-CFCC-3F23-9C25-DAA52CE98484}.Debug|Any CPU.ActiveCfg = Debug|Any CPU
		{9E316CA4-CFCC-3F23-9C25-DAA52CE98484}.Debug|Any CPU.Build.0 = Debug|Any CPU
		{9E316CA4-CFCC-3F23-9C25-DAA52CE98484}.Development|Any CPU.ActiveCfg = Development|Any CPU
		{9E316CA4-CFCC-3F23-9C25-DAA52CE98484}.Development|Any CPU.Build.0 = Development|Any CPU
		{9E316CA4-CFCC-3F23-9C25-DAA52CE98484}.Release|Any CPU.ActiveCfg = Release|Any CPU
		{9E316CA4-CFCC-3F23-9C25-DAA52CE98484}.Release|Any CPU.Build.0 = Release|Any CPU
		{BBA18C3F-D3A9-31A7-9F65-2CD142F634E3}.Analyze|Any CPU.ActiveCfg = Analyze|Any CPU
		{BBA18C3F-D3A9-31A7-9F65-2CD142F634E3}.Analyze|Any CPU.Build.0 = Analyze|Any CPU
		{BBA18C3F-D3A9-31A7-9F65-2CD142F634E3}.Debug|Any CPU.ActiveCfg = Debug|Any CPU
		{BBA18C3F-D3A9-31A7-9F65-2CD142F634E3}.Debug|Any CPU.Build.0 = Debug|Any CPU
		{BBA18C3F-D3A9-31A7-9F65-2CD142F634E3}.Development|Any CPU.ActiveCfg = Development|Any CPU
		{BBA18C3F-D3A9-31A7-9F65-2CD142F634E3}.Development|Any CPU.Build.0 = Development|Any CPU
		{BBA18C3F-D3A9-31A7-9F65-2CD142F634E3}.Release|Any CPU.ActiveCfg = Release|Any CPU
		{BBA18C3F-D3A9-31A7-9F65-2CD142F634E3}.Release|Any CPU.Build.0 = Release|Any CPU
		{350D86F4-021A-338D-8590-E4BECDBCE0A7}.Analyze|Any CPU.ActiveCfg = Analyze|Any CPU
		{350D86F4-021A-338D-8590-E4BECDBCE0A7}.Analyze|Any CPU.Build.0 = Analyze|Any CPU
		{350D86F4-021A-338D-8590-E4BECDBCE0A7}.Debug|Any CPU.ActiveCfg = Debug|Any CPU
		{350D86F4-021A-338D-8590-E4BECDBCE0A7}.Debug|Any CPU.Build.0 = Debug|Any CPU
		{350D86F4-021A-338D-8590-E4BECDBCE0A7}.Development|Any CPU.ActiveCfg = Development|Any CPU
		{350D86F4-021A-338D-8590-E4BECDBCE0A7}.Development|Any CPU.Build.0 = Development|Any CPU
		{350D86F4-021A-338D-8590-E4BECDBCE0A7}.Release|Any CPU.ActiveCfg = Release|Any CPU
		{350D86F4-021A-338D-8590-E4BECDBCE0A7}.Release|Any CPU.Build.0 = Release|Any CPU
		{778E83A6-0FD6-3079-8808-D53340F37517}.Analyze|Any CPU.ActiveCfg = Analyze|Any CPU
		{778E83A6-0FD6-3079-8808-D53340F37517}.Analyze|Any CPU.Build.0 = Analyze|Any CPU
		{778E83A6-0FD6-3079-8808-D53340F37517}.Debug|Any CPU.ActiveCfg = Debug|Any CPU
		{778E83A6-0FD6-3079-8808-D53340F37517}.Debug|Any CPU.Build.0 = Debug|Any CPU
		{778E83A6-0FD6-3079-8808-D53340F37517}.Development|Any CPU.ActiveCfg = Development|Any CPU
		{778E83A6-0FD6-3079-8808-D53340F37517}.Development|Any CPU.Build.0 = Development|Any CPU
		{778E83A6-0FD6-3079-8808-D53340F37517}.Release|Any CPU.ActiveCfg = Release|Any CPU
		{778E83A6-0FD6-3079-8808-D53340F37517}.Release|Any CPU.Build.0 = Release|Any CPU
		{6ECC6333-65C6-3CCC-884D-98F26297560A}.Analyze|Any CPU.ActiveCfg = Analyze|Any CPU
		{6ECC6333-65C6-3CCC-884D-98F26297560A}.Analyze|Any CPU.Build.0 = Analyze|Any CPU
		{6ECC6333-65C6-3CCC-884D-98F26297560A}.Debug|Any CPU.ActiveCfg = Debug|Any CPU
		{6ECC6333-65C6-3CCC-884D-98F26297560A}.Debug|Any CPU.Build.0 = Debug|Any CPU
		{6ECC6333-65C6-3CCC-884D-98F26297560A}.Development|Any CPU.ActiveCfg = Development|Any CPU
		{6ECC6333-65C6-3CCC-884D-98F26297560A}.Development|Any CPU.Build.0 = Development|Any CPU
		{6ECC6333-65C6-3CCC-884D-98F26297560A}.Release|Any CPU.ActiveCfg = Release|Any CPU
		{6ECC6333-65C6-3CCC-884D-98F26297560A}.Release|Any CPU.Build.0 = Release|Any CPU
		{101140DC-FBAC-3004-B16A-63BFA99676A0}.Analyze|Any CPU.ActiveCfg = Analyze|Any CPU
		{101140DC-FBAC-3004-B16A-63BFA99676A0}.Analyze|Any CPU.Build.0 = Analyze|Any CPU
		{101140DC-FBAC-3004-B16A-63BFA99676A0}.Debug|Any CPU.ActiveCfg = Debug|Any CPU
		{101140DC-FBAC-3004-B16A-63BFA99676A0}.Debug|Any CPU.Build.0 = Debug|Any CPU
		{101140DC-FBAC-3004-B16A-63BFA99676A0}.Development|Any CPU.ActiveCfg = Development|Any CPU
		{101140DC-FBAC-3004-B16A-63BFA99676A0}.Development|Any CPU.Build.0 = Development|Any CPU
		{101140DC-FBAC-3004-B16A-63BFA99676A0}.Release|Any CPU.ActiveCfg = Release|Any CPU
		{101140DC-FBAC-3004-B16A-63BFA99676A0}.Release|Any CPU.Build.0 = Release|Any CPU
	EndGlobalSection
	GlobalSection(SolutionProperties) = preSolution
		HideSolutionNode = FALSE
	EndGlobalSection
	GlobalSection(NestedProjects) = preSolution
		{877BE39A-56BD-3593-B694-EDB27ED4A2DA} = {58A72724-8CB8-3260-8ADB-0161BCAC3D64}
		{55A53FDE-F986-3491-BCB9-EE1FC58BAFA0} = {58A72724-8CB8-3260-8ADB-0161BCAC3D64}
		{2C5CC585-9685-3C34-9916-CA712F0A20A7} = {58A72724-8CB8-3260-8ADB-0161BCAC3D64}
		{84D34674-E4FA-3FB9-AF5D-5B2A1AFEC26E} = {58A72724-8CB8-3260-8ADB-0161BCAC3D64}
		{0E0A5265-B751-3821-92C0-60D6F60E26B7} = {58A72724-8CB8-3260-8ADB-0161BCAC3D64}
		{E26E6DF0-0CAE-3DF8-A63A-0E42E48AFCE0} = {58A72724-8CB8-3260-8ADB-0161BCAC3D64}
		{7B4EE8B5-821A-3691-AFEA-32CAA7BAC236} = {58A72724-8CB8-3260-8ADB-0161BCAC3D64}
		{32A183A8-F18D-35BF-BFB8-9AF1CEDF072B} = {58A72724-8CB8-3260-8ADB-0161BCAC3D64}
		{46464BDB-5FD0-3290-9DDB-02FEC4032157} = {58A72724-8CB8-3260-8ADB-0161BCAC3D64}
		{1E3FF53E-9262-3D95-8125-08CEAE4887F4} = {58A72724-8CB8-3260-8ADB-0161BCAC3D64}
		{33F58C0A-7D56-3887-8FAB-C958B408F794} = {58A72724-8CB8-3260-8ADB-0161BCAC3D64}
		{826E93F7-D4F4-3446-A095-71D4B639FD8C} = {58A72724-8CB8-3260-8ADB-0161BCAC3D64}
		{B3F1DE29-66FA-3F15-9D0D-0CB75AEF09CD} = {58A72724-8CB8-3260-8ADB-0161BCAC3D64}
		{0BAE810C-B794-3B46-A5D0-640F4302F29B} = {58A72724-8CB8-3260-8ADB-0161BCAC3D64}
		{4574F3CB-7D0D-39A0-9CE5-1F10DEF5DCB6} = {58A72724-8CB8-3260-8ADB-0161BCAC3D64}
		{2005C4B8-C1A6-3949-8CE4-CE22FB360B53} = {58A72724-8CB8-3260-8ADB-0161BCAC3D64}
		{86B1E8B3-46D0-3303-A130-0E371F16E2DB} = {58A72724-8CB8-3260-8ADB-0161BCAC3D64}
		{A37426C3-685B-389E-8648-8F5C1E05B9F3} = {58A72724-8CB8-3260-8ADB-0161BCAC3D64}
		{0FED24CC-4740-302D-A7E6-4A0150103BE3} = {63F96FAF-71A6-3DD6-AF0D-64B1504528FF}
		{639B8321-182B-3E3E-89E2-A2152CBFDAAA} = {63F96FAF-71A6-3DD6-AF0D-64B1504528FF}
		{241669DC-455F-3CBF-89A6-E0FF97E663D2} = {63F96FAF-71A6-3DD6-AF0D-64B1504528FF}
		{9E316CA4-CFCC-3F23-9C25-DAA52CE98484} = {63F96FAF-71A6-3DD6-AF0D-64B1504528FF}
		{BBA18C3F-D3A9-31A7-9F65-2CD142F634E3} = {63F96FAF-71A6-3DD6-AF0D-64B1504528FF}
		{350D86F4-021A-338D-8590-E4BECDBCE0A7} = {63F96FAF-71A6-3DD6-AF0D-64B1504528FF}
		{778E83A6-0FD6-3079-8808-D53340F37517} = {63F96FAF-71A6-3DD6-AF0D-64B1504528FF}
		{6ECC6333-65C6-3CCC-884D-98F26297560A} = {63F96FAF-71A6-3DD6-AF0D-64B1504528FF}
		{101140DC-FBAC-3004-B16A-63BFA99676A0} = {63F96FAF-71A6-3DD6-AF0D-64B1504528FF}
	EndGlobalSection
EndGlobal
